// !$*UTF8*$!
{
	archiveVersion = 1;
	classes = {
	};
	objectVersion = 77;
	objects = {

/* Begin PBXBuildFile section */
		AA8DDCD02D6CCC4D00AF7E85 /* DNR Redirect Block Priority Test Extension.appex in Embed Foundation Extensions */ = {isa = PBXBuildFile; fileRef = AA8DDCCF2D6CCC4D00AF7E85 /* DNR Redirect Block Priority Test Extension.appex */; settings = {ATTRIBUTES = (RemoveHeadersOnCopy, ); }; };
/* End PBXBuildFile section */

/* Begin PBXContainerItemProxy section */
		AA8DDCBA2D6CCC4D00AF7E85 /* PBXContainerItemProxy */ = {
			isa = PBXContainerItemProxy;
			containerPortal = AA8DDC952D6CCC4B00AF7E85 /* Project object */;
			proxyType = 1;
			remoteGlobalIDString = AA8DDC9C2D6CCC4B00AF7E85;
			remoteInfo = "DNR Test";
		};
		AA8DDCC42D6CCC4D00AF7E85 /* PBXContainerItemProxy */ = {
			isa = PBXContainerItemProxy;
			containerPortal = AA8DDC952D6CCC4B00AF7E85 /* Project object */;
			proxyType = 1;
			remoteGlobalIDString = AA8DDC9C2D6CCC4B00AF7E85;
			remoteInfo = "DNR Test";
		};
		AA8DDCD12D6CCC4D00AF7E85 /* PBXContainerItemProxy */ = {
			isa = PBXContainerItemProxy;
			containerPortal = AA8DDC952D6CCC4B00AF7E85 /* Project object */;
			proxyType = 1;
			remoteGlobalIDString = AA8DDCCE2D6CCC4D00AF7E85;
			remoteInfo = "DNR Test Extension";
		};
/* End PBXContainerItemProxy section */

/* Begin PBXCopyFilesBuildPhase section */
		AA8DDCEF2D6CCC4D00AF7E85 /* Embed Foundation Extensions */ = {
			isa = PBXCopyFilesBuildPhase;
			buildActionMask = 2147483647;
			dstPath = "";
			dstSubfolderSpec = 13;
			files = (
				AA8DDCD02D6CCC4D00AF7E85 /* DNR Redirect Block Priority Test Extension.appex in Embed Foundation Extensions */,
			);
			name = "Embed Foundation Extensions";
			runOnlyForDeploymentPostprocessing = 0;
		};
/* End PBXCopyFilesBuildPhase section */

/* Begin PBXFileReference section */
		AA8DDC9D2D6CCC4B00AF7E85 /* DNR Redirect Block Priority Test.app */ = {isa = PBXFileReference; explicitFileType = wrapper.application; includeInIndex = 0; path = "DNR Redirect Block Priority Test.app"; sourceTree = BUILT_PRODUCTS_DIR; };
		AA8DDCB92D6CCC4D00AF7E85 /* DNR Redirect Block Priority TestTests.xctest */ = {isa = PBXFileReference; explicitFileType = wrapper.cfbundle; includeInIndex = 0; path = "DNR Redirect Block Priority TestTests.xctest"; sourceTree = BUILT_PRODUCTS_DIR; };
		AA8DDCC32D6CCC4D00AF7E85 /* DNR Redirect Block Priority TestUITests.xctest */ = {isa = PBXFileReference; explicitFileType = wrapper.cfbundle; includeInIndex = 0; path = "DNR Redirect Block Priority TestUITests.xctest"; sourceTree = BUILT_PRODUCTS_DIR; };
		AA8DDCCF2D6CCC4D00AF7E85 /* DNR Redirect Block Priority Test Extension.appex */ = {isa = PBXFileReference; explicitFileType = "wrapper.app-extension"; includeInIndex = 0; path = "DNR Redirect Block Priority Test Extension.appex"; sourceTree = BUILT_PRODUCTS_DIR; };
/* End PBXFileReference section */

/* Begin PBXFileSystemSynchronizedBuildFileExceptionSet section */
		AA8DDCE92D6CCC4D00AF7E85 /* Exceptions for "DNR Test Extension" folder in "DNR Redirect Block Priority Test Extension" target */ = {
			isa = PBXFileSystemSynchronizedBuildFileExceptionSet;
			membershipExceptions = (
				Info.plist,
			);
			target = AA8DDCCE2D6CCC4D00AF7E85 /* DNR Redirect Block Priority Test Extension */;
		};
/* End PBXFileSystemSynchronizedBuildFileExceptionSet section */

/* Begin PBXFileSystemSynchronizedRootGroup section */
		AA8DDC9F2D6CCC4B00AF7E85 /* DNR Test */ = {
			isa = PBXFileSystemSynchronizedRootGroup;
			path = "DNR Test";
			sourceTree = "<group>";
		};
		AA8DDCBC2D6CCC4D00AF7E85 /* DNR TestTests */ = {
			isa = PBXFileSystemSynchronizedRootGroup;
			path = "DNR TestTests";
			sourceTree = "<group>";
		};
		AA8DDCC62D6CCC4D00AF7E85 /* DNR TestUITests */ = {
			isa = PBXFileSystemSynchronizedRootGroup;
			path = "DNR TestUITests";
			sourceTree = "<group>";
		};
		AA8DDCD32D6CCC4D00AF7E85 /* DNR Test Extension */ = {
			isa = PBXFileSystemSynchronizedRootGroup;
			exceptions = (
				AA8DDCE92D6CCC4D00AF7E85 /* Exceptions for "DNR Test Extension" folder in "DNR Redirect Block Priority Test Extension" target */,
			);
			explicitFolders = (
				Resources/_locales,
				Resources/images,
			);
			path = "DNR Test Extension";
			sourceTree = "<group>";
		};
/* End PBXFileSystemSynchronizedRootGroup section */

/* Begin PBXFrameworksBuildPhase section */
		AA8DDC9A2D6CCC4B00AF7E85 /* Frameworks */ = {
			isa = PBXFrameworksBuildPhase;
			buildActionMask = 2147483647;
			files = (
			);
			runOnlyForDeploymentPostprocessing = 0;
		};
		AA8DDCB62D6CCC4D00AF7E85 /* Frameworks */ = {
			isa = PBXFrameworksBuildPhase;
			buildActionMask = 2147483647;
			files = (
			);
			runOnlyForDeploymentPostprocessing = 0;
		};
		AA8DDCC02D6CCC4D00AF7E85 /* Frameworks */ = {
			isa = PBXFrameworksBuildPhase;
			buildActionMask = 2147483647;
			files = (
			);
			runOnlyForDeploymentPostprocessing = 0;
		};
		AA8DDCCC2D6CCC4D00AF7E85 /* Frameworks */ = {
			isa = PBXFrameworksBuildPhase;
			buildActionMask = 2147483647;
			files = (
			);
			runOnlyForDeploymentPostprocessing = 0;
		};
/* End PBXFrameworksBuildPhase section */

/* Begin PBXGroup section */
		AA8DDC942D6CCC4B00AF7E85 = {
			isa = PBXGroup;
			children = (
				AA8DDC9F2D6CCC4B00AF7E85 /* DNR Test */,
				AA8DDCBC2D6CCC4D00AF7E85 /* DNR TestTests */,
				AA8DDCC62D6CCC4D00AF7E85 /* DNR TestUITests */,
				AA8DDCD32D6CCC4D00AF7E85 /* DNR Test Extension */,
				AA8DDC9E2D6CCC4B00AF7E85 /* Products */,
			);
			sourceTree = "<group>";
		};
		AA8DDC9E2D6CCC4B00AF7E85 /* Products */ = {
			isa = PBXGroup;
			children = (
				AA8DDC9D2D6CCC4B00AF7E85 /* DNR Redirect Block Priority Test.app */,
				AA8DDCB92D6CCC4D00AF7E85 /* DNR Redirect Block Priority TestTests.xctest */,
				AA8DDCC32D6CCC4D00AF7E85 /* DNR Redirect Block Priority TestUITests.xctest */,
				AA8DDCCF2D6CCC4D00AF7E85 /* DNR Redirect Block Priority Test Extension.appex */,
			);
			name = Products;
			sourceTree = "<group>";
		};
/* End PBXGroup section */

/* Begin PBXNativeTarget section */
		AA8DDC9C2D6CCC4B00AF7E85 /* DNR Redirect Block Priority Test */ = {
			isa = PBXNativeTarget;
			buildConfigurationList = AA8DDCF02D6CCC4D00AF7E85 /* Build configuration list for PBXNativeTarget "DNR Redirect Block Priority Test" */;
			buildPhases = (
				AA8DDC992D6CCC4B00AF7E85 /* Sources */,
				AA8DDC9A2D6CCC4B00AF7E85 /* Frameworks */,
				AA8DDC9B2D6CCC4B00AF7E85 /* Resources */,
				AA8DDCEF2D6CCC4D00AF7E85 /* Embed Foundation Extensions */,
			);
			buildRules = (
			);
			dependencies = (
				AA8DDCD22D6CCC4D00AF7E85 /* PBXTargetDependency */,
			);
			fileSystemSynchronizedGroups = (
				AA8DDC9F2D6CCC4B00AF7E85 /* DNR Test */,
			);
			name = "DNR Redirect Block Priority Test";
			packageProductDependencies = (
			);
			productName = "DNR Test";
			productReference = AA8DDC9D2D6CCC4B00AF7E85 /* DNR Redirect Block Priority Test.app */;
			productType = "com.apple.product-type.application";
		};
		AA8DDCB82D6CCC4D00AF7E85 /* DNR Redirect Block Priority TestTests */ = {
			isa = PBXNativeTarget;
			buildConfigurationList = AA8DDCF32D6CCC4D00AF7E85 /* Build configuration list for PBXNativeTarget "DNR Redirect Block Priority TestTests" */;
			buildPhases = (
				AA8DDCB52D6CCC4D00AF7E85 /* Sources */,
				AA8DDCB62D6CCC4D00AF7E85 /* Frameworks */,
				AA8DDCB72D6CCC4D00AF7E85 /* Resources */,
			);
			buildRules = (
			);
			dependencies = (
				AA8DDCBB2D6CCC4D00AF7E85 /* PBXTargetDependency */,
			);
			fileSystemSynchronizedGroups = (
				AA8DDCBC2D6CCC4D00AF7E85 /* DNR TestTests */,
			);
			name = "DNR Redirect Block Priority TestTests";
			packageProductDependencies = (
			);
			productName = "DNR TestTests";
			productReference = AA8DDCB92D6CCC4D00AF7E85 /* DNR Redirect Block Priority TestTests.xctest */;
			productType = "com.apple.product-type.bundle.unit-test";
		};
		AA8DDCC22D6CCC4D00AF7E85 /* DNR Redirect Block Priority TestUITests */ = {
			isa = PBXNativeTarget;
			buildConfigurationList = AA8DDCF62D6CCC4D00AF7E85 /* Build configuration list for PBXNativeTarget "DNR Redirect Block Priority TestUITests" */;
			buildPhases = (
				AA8DDCBF2D6CCC4D00AF7E85 /* Sources */,
				AA8DDCC02D6CCC4D00AF7E85 /* Frameworks */,
				AA8DDCC12D6CCC4D00AF7E85 /* Resources */,
			);
			buildRules = (
			);
			dependencies = (
				AA8DDCC52D6CCC4D00AF7E85 /* PBXTargetDependency */,
			);
			fileSystemSynchronizedGroups = (
				AA8DDCC62D6CCC4D00AF7E85 /* DNR TestUITests */,
			);
			name = "DNR Redirect Block Priority TestUITests";
			packageProductDependencies = (
			);
			productName = "DNR TestUITests";
			productReference = AA8DDCC32D6CCC4D00AF7E85 /* DNR Redirect Block Priority TestUITests.xctest */;
			productType = "com.apple.product-type.bundle.ui-testing";
		};
		AA8DDCCE2D6CCC4D00AF7E85 /* DNR Redirect Block Priority Test Extension */ = {
			isa = PBXNativeTarget;
			buildConfigurationList = AA8DDCEA2D6CCC4D00AF7E85 /* Build configuration list for PBXNativeTarget "DNR Redirect Block Priority Test Extension" */;
			buildPhases = (
				AA8DDCCB2D6CCC4D00AF7E85 /* Sources */,
				AA8DDCCC2D6CCC4D00AF7E85 /* Frameworks */,
				AA8DDCCD2D6CCC4D00AF7E85 /* Resources */,
			);
			buildRules = (
			);
			dependencies = (
			);
			fileSystemSynchronizedGroups = (
				AA8DDCD32D6CCC4D00AF7E85 /* DNR Test Extension */,
			);
			name = "DNR Redirect Block Priority Test Extension";
			packageProductDependencies = (
			);
			productName = "DNR Test Extension";
			productReference = AA8DDCCF2D6CCC4D00AF7E85 /* DNR Redirect Block Priority Test Extension.appex */;
			productType = "com.apple.product-type.app-extension";
		};
/* End PBXNativeTarget section */

/* Begin PBXProject section */
		AA8DDC952D6CCC4B00AF7E85 /* Project object */ = {
			isa = PBXProject;
			attributes = {
				BuildIndependentTargetsInParallel = 1;
				LastSwiftUpdateCheck = 1620;
				LastUpgradeCheck = 1620;
				TargetAttributes = {
					AA8DDC9C2D6CCC4B00AF7E85 = {
						CreatedOnToolsVersion = 16.2;
					};
					AA8DDCB82D6CCC4D00AF7E85 = {
						CreatedOnToolsVersion = 16.2;
						TestTargetID = AA8DDC9C2D6CCC4B00AF7E85;
					};
					AA8DDCC22D6CCC4D00AF7E85 = {
						CreatedOnToolsVersion = 16.2;
						TestTargetID = AA8DDC9C2D6CCC4B00AF7E85;
					};
					AA8DDCCE2D6CCC4D00AF7E85 = {
						CreatedOnToolsVersion = 16.2;
					};
				};
			};
			buildConfigurationList = AA8DDC982D6CCC4B00AF7E85 /* Build configuration list for PBXProject "DNR Redirect Block Priority Test" */;
			developmentRegion = en;
			hasScannedForEncodings = 0;
			knownRegions = (
				en,
				Base,
			);
			mainGroup = AA8DDC942D6CCC4B00AF7E85;
			minimizedProjectReferenceProxies = 1;
			preferredProjectObjectVersion = 77;
			productRefGroup = AA8DDC9E2D6CCC4B00AF7E85 /* Products */;
			projectDirPath = "";
			projectRoot = "";
			targets = (
				AA8DDC9C2D6CCC4B00AF7E85 /* DNR Redirect Block Priority Test */,
				AA8DDCB82D6CCC4D00AF7E85 /* DNR Redirect Block Priority TestTests */,
				AA8DDCC22D6CCC4D00AF7E85 /* DNR Redirect Block Priority TestUITests */,
				AA8DDCCE2D6CCC4D00AF7E85 /* DNR Redirect Block Priority Test Extension */,
			);
		};
/* End PBXProject section */

/* Begin PBXResourcesBuildPhase section */
		AA8DDC9B2D6CCC4B00AF7E85 /* Resources */ = {
			isa = PBXResourcesBuildPhase;
			buildActionMask = 2147483647;
			files = (
			);
			runOnlyForDeploymentPostprocessing = 0;
		};
		AA8DDCB72D6CCC4D00AF7E85 /* Resources */ = {
			isa = PBXResourcesBuildPhase;
			buildActionMask = 2147483647;
			files = (
			);
			runOnlyForDeploymentPostprocessing = 0;
		};
		AA8DDCC12D6CCC4D00AF7E85 /* Resources */ = {
			isa = PBXResourcesBuildPhase;
			buildActionMask = 2147483647;
			files = (
			);
			runOnlyForDeploymentPostprocessing = 0;
		};
		AA8DDCCD2D6CCC4D00AF7E85 /* Resources */ = {
			isa = PBXResourcesBuildPhase;
			buildActionMask = 2147483647;
			files = (
			);
			runOnlyForDeploymentPostprocessing = 0;
		};
/* End PBXResourcesBuildPhase section */

/* Begin PBXSourcesBuildPhase section */
		AA8DDC992D6CCC4B00AF7E85 /* Sources */ = {
			isa = PBXSourcesBuildPhase;
			buildActionMask = 2147483647;
			files = (
			);
			runOnlyForDeploymentPostprocessing = 0;
		};
		AA8DDCB52D6CCC4D00AF7E85 /* Sources */ = {
			isa = PBXSourcesBuildPhase;
			buildActionMask = 2147483647;
			files = (
			);
			runOnlyForDeploymentPostprocessing = 0;
		};
		AA8DDCBF2D6CCC4D00AF7E85 /* Sources */ = {
			isa = PBXSourcesBuildPhase;
			buildActionMask = 2147483647;
			files = (
			);
			runOnlyForDeploymentPostprocessing = 0;
		};
		AA8DDCCB2D6CCC4D00AF7E85 /* Sources */ = {
			isa = PBXSourcesBuildPhase;
			buildActionMask = 2147483647;
			files = (
			);
			runOnlyForDeploymentPostprocessing = 0;
		};
/* End PBXSourcesBuildPhase section */

/* Begin PBXTargetDependency section */
		AA8DDCBB2D6CCC4D00AF7E85 /* PBXTargetDependency */ = {
			isa = PBXTargetDependency;
			target = AA8DDC9C2D6CCC4B00AF7E85 /* DNR Redirect Block Priority Test */;
			targetProxy = AA8DDCBA2D6CCC4D00AF7E85 /* PBXContainerItemProxy */;
		};
		AA8DDCC52D6CCC4D00AF7E85 /* PBXTargetDependency */ = {
			isa = PBXTargetDependency;
			target = AA8DDC9C2D6CCC4B00AF7E85 /* DNR Redirect Block Priority Test */;
			targetProxy = AA8DDCC42D6CCC4D00AF7E85 /* PBXContainerItemProxy */;
		};
		AA8DDCD22D6CCC4D00AF7E85 /* PBXTargetDependency */ = {
			isa = PBXTargetDependency;
			target = AA8DDCCE2D6CCC4D00AF7E85 /* DNR Redirect Block Priority Test Extension */;
			targetProxy = AA8DDCD12D6CCC4D00AF7E85 /* PBXContainerItemProxy */;
		};
/* End PBXTargetDependency section */

/* Begin XCBuildConfiguration section */
		AA8DDCEB2D6CCC4D00AF7E85 /* Debug */ = {
			isa = XCBuildConfiguration;
			buildSettings = {
				CODE_SIGN_ENTITLEMENTS = "DNR Test Extension/DNR_Test_Extension.entitlements";
				CODE_SIGN_STYLE = Automatic;
				CURRENT_PROJECT_VERSION = 1;
				ENABLE_HARDENED_RUNTIME = YES;
				GENERATE_INFOPLIST_FILE = YES;
				INFOPLIST_FILE = "DNR Test Extension/Info.plist";
				INFOPLIST_KEY_CFBundleDisplayName = "DNR Test Extension";
				INFOPLIST_KEY_NSHumanReadableCopyright = "";
				LD_RUNPATH_SEARCH_PATHS = (
					"$(inherited)",
					"@executable_path/../Frameworks",
					"@executable_path/../../../../Frameworks",
				);
				MACOSX_DEPLOYMENT_TARGET = 10.14;
				MARKETING_VERSION = 1.0;
				OTHER_LDFLAGS = (
					"-framework",
					SafariServices,
				);
				PRODUCT_BUNDLE_IDENTIFIER = "lena-test.DNR-Test.Extension";
				PRODUCT_NAME = "$(TARGET_NAME)";
				SKIP_INSTALL = YES;
				SWIFT_EMIT_LOC_STRINGS = YES;
				SWIFT_VERSION = 5.0;
			};
			name = Debug;
		};
		AA8DDCEC2D6CCC4D00AF7E85 /* Release */ = {
			isa = XCBuildConfiguration;
			buildSettings = {
				CODE_SIGN_ENTITLEMENTS = "DNR Test Extension/DNR_Test_Extension.entitlements";
				CODE_SIGN_STYLE = Automatic;
				CURRENT_PROJECT_VERSION = 1;
				ENABLE_HARDENED_RUNTIME = YES;
				GENERATE_INFOPLIST_FILE = YES;
				INFOPLIST_FILE = "DNR Test Extension/Info.plist";
				INFOPLIST_KEY_CFBundleDisplayName = "DNR Test Extension";
				INFOPLIST_KEY_NSHumanReadableCopyright = "";
				LD_RUNPATH_SEARCH_PATHS = (
					"$(inherited)",
					"@executable_path/../Frameworks",
					"@executable_path/../../../../Frameworks",
				);
				MACOSX_DEPLOYMENT_TARGET = 10.14;
				MARKETING_VERSION = 1.0;
				OTHER_LDFLAGS = (
					"-framework",
					SafariServices,
				);
				PRODUCT_BUNDLE_IDENTIFIER = "lena-test.DNR-Test.Extension";
				PRODUCT_NAME = "$(TARGET_NAME)";
				SKIP_INSTALL = YES;
				SWIFT_EMIT_LOC_STRINGS = YES;
				SWIFT_VERSION = 5.0;
			};
			name = Release;
		};
		AA8DDCED2D6CCC4D00AF7E85 /* Debug */ = {
			isa = XCBuildConfiguration;
			buildSettings = {
				ALWAYS_SEARCH_USER_PATHS = NO;
				ASSETCATALOG_COMPILER_GENERATE_SWIFT_ASSET_SYMBOL_EXTENSIONS = YES;
				CLANG_ANALYZER_NONNULL = YES;
				CLANG_ANALYZER_NUMBER_OBJECT_CONVERSION = YES_AGGRESSIVE;
				CLANG_CXX_LANGUAGE_STANDARD = "gnu++20";
				CLANG_ENABLE_MODULES = YES;
				CLANG_ENABLE_OBJC_ARC = YES;
				CLANG_ENABLE_OBJC_WEAK = YES;
				CLANG_WARN_BLOCK_CAPTURE_AUTORELEASING = YES;
				CLANG_WARN_BOOL_CONVERSION = YES;
				CLANG_WARN_COMMA = YES;
				CLANG_WARN_CONSTANT_CONVERSION = YES;
				CLANG_WARN_DEPRECATED_OBJC_IMPLEMENTATIONS = YES;
				CLANG_WARN_DIRECT_OBJC_ISA_USAGE = YES_ERROR;
				CLANG_WARN_DOCUMENTATION_COMMENTS = YES;
				CLANG_WARN_EMPTY_BODY = YES;
				CLANG_WARN_ENUM_CONVERSION = YES;
				CLANG_WARN_INFINITE_RECURSION = YES;
				CLANG_WARN_INT_CONVERSION = YES;
				CLANG_WARN_NON_LITERAL_NULL_CONVERSION = YES;
				CLANG_WARN_OBJC_IMPLICIT_RETAIN_SELF = YES;
				CLANG_WARN_OBJC_LITERAL_CONVERSION = YES;
				CLANG_WARN_OBJC_ROOT_CLASS = YES_ERROR;
				CLANG_WARN_QUOTED_INCLUDE_IN_FRAMEWORK_HEADER = YES;
				CLANG_WARN_RANGE_LOOP_ANALYSIS = YES;
				CLANG_WARN_STRICT_PROTOTYPES = YES;
				CLANG_WARN_SUSPICIOUS_MOVE = YES;
				CLANG_WARN_UNGUARDED_AVAILABILITY = YES_AGGRESSIVE;
				CLANG_WARN_UNREACHABLE_CODE = YES;
				CLANG_WARN__DUPLICATE_METHOD_MATCH = YES;
				COPY_PHASE_STRIP = NO;
				DEBUG_INFORMATION_FORMAT = dwarf;
				ENABLE_STRICT_OBJC_MSGSEND = YES;
				ENABLE_TESTABILITY = YES;
				ENABLE_USER_SCRIPT_SANDBOXING = YES;
				GCC_C_LANGUAGE_STANDARD = gnu17;
				GCC_DYNAMIC_NO_PIC = NO;
				GCC_NO_COMMON_BLOCKS = YES;
				GCC_OPTIMIZATION_LEVEL = 0;
				GCC_PREPROCESSOR_DEFINITIONS = (
					"DEBUG=1",
					"$(inherited)",
				);
				GCC_WARN_64_TO_32_BIT_CONVERSION = YES;
				GCC_WARN_ABOUT_RETURN_TYPE = YES_ERROR;
				GCC_WARN_UNDECLARED_SELECTOR = YES;
				GCC_WARN_UNINITIALIZED_AUTOS = YES_AGGRESSIVE;
				GCC_WARN_UNUSED_FUNCTION = YES;
				GCC_WARN_UNUSED_VARIABLE = YES;
				LOCALIZATION_PREFERS_STRING_CATALOGS = YES;
				MACOSX_DEPLOYMENT_TARGET = 15.2;
				MTL_ENABLE_DEBUG_INFO = INCLUDE_SOURCE;
				MTL_FAST_MATH = YES;
				ONLY_ACTIVE_ARCH = YES;
				SDKROOT = macosx;
				SWIFT_ACTIVE_COMPILATION_CONDITIONS = "DEBUG $(inherited)";
				SWIFT_OPTIMIZATION_LEVEL = "-Onone";
			};
			name = Debug;
		};
		AA8DDCEE2D6CCC4D00AF7E85 /* Release */ = {
			isa = XCBuildConfiguration;
			buildSettings = {
				ALWAYS_SEARCH_USER_PATHS = NO;
				ASSETCATALOG_COMPILER_GENERATE_SWIFT_ASSET_SYMBOL_EXTENSIONS = YES;
				CLANG_ANALYZER_NONNULL = YES;
				CLANG_ANALYZER_NUMBER_OBJECT_CONVERSION = YES_AGGRESSIVE;
				CLANG_CXX_LANGUAGE_STANDARD = "gnu++20";
				CLANG_ENABLE_MODULES = YES;
				CLANG_ENABLE_OBJC_ARC = YES;
				CLANG_ENABLE_OBJC_WEAK = YES;
				CLANG_WARN_BLOCK_CAPTURE_AUTORELEASING = YES;
				CLANG_WARN_BOOL_CONVERSION = YES;
				CLANG_WARN_COMMA = YES;
				CLANG_WARN_CONSTANT_CONVERSION = YES;
				CLANG_WARN_DEPRECATED_OBJC_IMPLEMENTATIONS = YES;
				CLANG_WARN_DIRECT_OBJC_ISA_USAGE = YES_ERROR;
				CLANG_WARN_DOCUMENTATION_COMMENTS = YES;
				CLANG_WARN_EMPTY_BODY = YES;
				CLANG_WARN_ENUM_CONVERSION = YES;
				CLANG_WARN_INFINITE_RECURSION = YES;
				CLANG_WARN_INT_CONVERSION = YES;
				CLANG_WARN_NON_LITERAL_NULL_CONVERSION = YES;
				CLANG_WARN_OBJC_IMPLICIT_RETAIN_SELF = YES;
				CLANG_WARN_OBJC_LITERAL_CONVERSION = YES;
				CLANG_WARN_OBJC_ROOT_CLASS = YES_ERROR;
				CLANG_WARN_QUOTED_INCLUDE_IN_FRAMEWORK_HEADER = YES;
				CLANG_WARN_RANGE_LOOP_ANALYSIS = YES;
				CLANG_WARN_STRICT_PROTOTYPES = YES;
				CLANG_WARN_SUSPICIOUS_MOVE = YES;
				CLANG_WARN_UNGUARDED_AVAILABILITY = YES_AGGRESSIVE;
				CLANG_WARN_UNREACHABLE_CODE = YES;
				CLANG_WARN__DUPLICATE_METHOD_MATCH = YES;
				COPY_PHASE_STRIP = NO;
				DEBUG_INFORMATION_FORMAT = "dwarf-with-dsym";
				ENABLE_NS_ASSERTIONS = NO;
				ENABLE_STRICT_OBJC_MSGSEND = YES;
				ENABLE_USER_SCRIPT_SANDBOXING = YES;
				GCC_C_LANGUAGE_STANDARD = gnu17;
				GCC_NO_COMMON_BLOCKS = YES;
				GCC_WARN_64_TO_32_BIT_CONVERSION = YES;
				GCC_WARN_ABOUT_RETURN_TYPE = YES_ERROR;
				GCC_WARN_UNDECLARED_SELECTOR = YES;
				GCC_WARN_UNINITIALIZED_AUTOS = YES_AGGRESSIVE;
				GCC_WARN_UNUSED_FUNCTION = YES;
				GCC_WARN_UNUSED_VARIABLE = YES;
				LOCALIZATION_PREFERS_STRING_CATALOGS = YES;
				MACOSX_DEPLOYMENT_TARGET = 15.2;
				MTL_ENABLE_DEBUG_INFO = NO;
				MTL_FAST_MATH = YES;
				SDKROOT = macosx;
				SWIFT_COMPILATION_MODE = wholemodule;
			};
			name = Release;
		};
		AA8DDCF12D6CCC4D00AF7E85 /* Debug */ = {
			isa = XCBuildConfiguration;
			buildSettings = {
				ASSETCATALOG_COMPILER_APPICON_NAME = AppIcon;
				ASSETCATALOG_COMPILER_GLOBAL_ACCENT_COLOR_NAME = AccentColor;
				CODE_SIGN_ENTITLEMENTS = "DNR Test/DNR Test.entitlements";
				CODE_SIGN_STYLE = Automatic;
				COMBINE_HIDPI_IMAGES = YES;
				CURRENT_PROJECT_VERSION = 1;
				ENABLE_HARDENED_RUNTIME = YES;
				GENERATE_INFOPLIST_FILE = YES;
				INFOPLIST_KEY_CFBundleDisplayName = "DNR Test";
				INFOPLIST_KEY_NSHumanReadableCopyright = "";
				INFOPLIST_KEY_NSMainStoryboardFile = Main;
				INFOPLIST_KEY_NSPrincipalClass = NSApplication;
				LD_RUNPATH_SEARCH_PATHS = (
					"$(inherited)",
					"@executable_path/../Frameworks",
				);
				MACOSX_DEPLOYMENT_TARGET = 10.14;
				MARKETING_VERSION = 1.0;
				OTHER_LDFLAGS = (
					"-framework",
					SafariServices,
					"-framework",
					WebKit,
				);
				PRODUCT_BUNDLE_IDENTIFIER = "lena-test.DNR-Test";
				PRODUCT_NAME = "$(TARGET_NAME)";
				SWIFT_EMIT_LOC_STRINGS = YES;
				SWIFT_VERSION = 5.0;
			};
			name = Debug;
		};
		AA8DDCF22D6CCC4D00AF7E85 /* Release */ = {
			isa = XCBuildConfiguration;
			buildSettings = {
				ASSETCATALOG_COMPILER_APPICON_NAME = AppIcon;
				ASSETCATALOG_COMPILER_GLOBAL_ACCENT_COLOR_NAME = AccentColor;
				CODE_SIGN_ENTITLEMENTS = "DNR Test/DNR Test.entitlements";
				CODE_SIGN_STYLE = Automatic;
				COMBINE_HIDPI_IMAGES = YES;
				CURRENT_PROJECT_VERSION = 1;
				ENABLE_HARDENED_RUNTIME = YES;
				GENERATE_INFOPLIST_FILE = YES;
				INFOPLIST_KEY_CFBundleDisplayName = "DNR Test";
				INFOPLIST_KEY_NSHumanReadableCopyright = "";
				INFOPLIST_KEY_NSMainStoryboardFile = Main;
				INFOPLIST_KEY_NSPrincipalClass = NSApplication;
				LD_RUNPATH_SEARCH_PATHS = (
					"$(inherited)",
					"@executable_path/../Frameworks",
				);
				MACOSX_DEPLOYMENT_TARGET = 10.14;
				MARKETING_VERSION = 1.0;
				OTHER_LDFLAGS = (
					"-framework",
					SafariServices,
					"-framework",
					WebKit,
				);
				PRODUCT_BUNDLE_IDENTIFIER = "lena-test.DNR-Test";
				PRODUCT_NAME = "$(TARGET_NAME)";
				SWIFT_EMIT_LOC_STRINGS = YES;
				SWIFT_VERSION = 5.0;
			};
			name = Release;
		};
		AA8DDCF42D6CCC4D00AF7E85 /* Debug */ = {
			isa = XCBuildConfiguration;
			buildSettings = {
				BUNDLE_LOADER = "$(TEST_HOST)";
				CODE_SIGN_STYLE = Automatic;
				CURRENT_PROJECT_VERSION = 1;
				GENERATE_INFOPLIST_FILE = YES;
				MACOSX_DEPLOYMENT_TARGET = 10.14;
				MARKETING_VERSION = 1.0;
				PRODUCT_BUNDLE_IDENTIFIER = "lena-test.DNR-TestTests";
				PRODUCT_NAME = "$(TARGET_NAME)";
				SWIFT_EMIT_LOC_STRINGS = NO;
				SWIFT_VERSION = 5.0;
				TEST_HOST = "$(BUILT_PRODUCTS_DIR)/DNR Redirect Block Priority Test.app/$(BUNDLE_EXECUTABLE_FOLDER_PATH)/DNR Redirect Block Priority Test";
			};
			name = Debug;
		};
		AA8DDCF52D6CCC4D00AF7E85 /* Release */ = {
			isa = XCBuildConfiguration;
			buildSettings = {
				BUNDLE_LOADER = "$(TEST_HOST)";
				CODE_SIGN_STYLE = Automatic;
				CURRENT_PROJECT_VERSION = 1;
				GENERATE_INFOPLIST_FILE = YES;
				MACOSX_DEPLOYMENT_TARGET = 10.14;
				MARKETING_VERSION = 1.0;
				PRODUCT_BUNDLE_IDENTIFIER = "lena-test.DNR-TestTests";
				PRODUCT_NAME = "$(TARGET_NAME)";
				SWIFT_EMIT_LOC_STRINGS = NO;
				SWIFT_VERSION = 5.0;
				TEST_HOST = "$(BUILT_PRODUCTS_DIR)/DNR Redirect Block Priority Test.app/$(BUNDLE_EXECUTABLE_FOLDER_PATH)/DNR Redirect Block Priority Test";
			};
			name = Release;
		};
		AA8DDCF72D6CCC4D00AF7E85 /* Debug */ = {
			isa = XCBuildConfiguration;
			buildSettings = {
				CODE_SIGN_STYLE = Automatic;
				CURRENT_PROJECT_VERSION = 1;
				GENERATE_INFOPLIST_FILE = YES;
				MARKETING_VERSION = 1.0;
				PRODUCT_BUNDLE_IDENTIFIER = "lena-test.DNR-TestUITests";
				PRODUCT_NAME = "$(TARGET_NAME)";
				SWIFT_EMIT_LOC_STRINGS = NO;
				SWIFT_VERSION = 5.0;
				TEST_TARGET_NAME = "DNR Test";
			};
			name = Debug;
		};
		AA8DDCF82D6CCC4D00AF7E85 /* Release */ = {
			isa = XCBuildConfiguration;
			buildSettings = {
				CODE_SIGN_STYLE = Automatic;
				CURRENT_PROJECT_VERSION = 1;
				GENERATE_INFOPLIST_FILE = YES;
				MARKETING_VERSION = 1.0;
				PRODUCT_BUNDLE_IDENTIFIER = "lena-test.DNR-TestUITests";
				PRODUCT_NAME = "$(TARGET_NAME)";
				SWIFT_EMIT_LOC_STRINGS = NO;
				SWIFT_VERSION = 5.0;
				TEST_TARGET_NAME = "DNR Test";
			};
			name = Release;
		};
/* End XCBuildConfiguration section */

/* Begin XCConfigurationList section */
		AA8DDC982D6CCC4B00AF7E85 /* Build configuration list for PBXProject "DNR Redirect Block Priority Test" */ = {
			isa = XCConfigurationList;
			buildConfigurations = (
				AA8DDCED2D6CCC4D00AF7E85 /* Debug */,
				AA8DDCEE2D6CCC4D00AF7E85 /* Release */,
			);
			defaultConfigurationIsVisible = 0;
			defaultConfigurationName = Release;
		};
		AA8DDCEA2D6CCC4D00AF7E85 /* Build configuration list for PBXNativeTarget "DNR Redirect Block Priority Test Extension" */ = {
			isa = XCConfigurationList;
			buildConfigurations = (
				AA8DDCEB2D6CCC4D00AF7E85 /* Debug */,
				AA8DDCEC2D6CCC4D00AF7E85 /* Release */,
			);
			defaultConfigurationIsVisible = 0;
			defaultConfigurationName = Release;
		};
		AA8DDCF02D6CCC4D00AF7E85 /* Build configuration list for PBXNativeTarget "DNR Redirect Block Priority Test" */ = {
			isa = XCConfigurationList;
			buildConfigurations = (
				AA8DDCF12D6CCC4D00AF7E85 /* Debug */,
				AA8DDCF22D6CCC4D00AF7E85 /* Release */,
			);
			defaultConfigurationIsVisible = 0;
			defaultConfigurationName = Release;
		};
		AA8DDCF32D6CCC4D00AF7E85 /* Build configuration list for PBXNativeTarget "DNR Redirect Block Priority TestTests" */ = {
			isa = XCConfigurationList;
			buildConfigurations = (
				AA8DDCF42D6CCC4D00AF7E85 /* Debug */,
				AA8DDCF52D6CCC4D00AF7E85 /* Release */,
			);
			defaultConfigurationIsVisible = 0;
			defaultConfigurationName = Release;
		};
		AA8DDCF62D6CCC4D00AF7E85 /* Build configuration list for PBXNativeTarget "DNR Redirect Block Priority TestUITests" */ = {
			isa = XCConfigurationList;
			buildConfigurations = (
				AA8DDCF72D6CCC4D00AF7E85 /* Debug */,
				AA8DDCF82D6CCC4D00AF7E85 /* Release */,
			);
			defaultConfigurationIsVisible = 0;
			defaultConfigurationName = Release;
		};
/* End XCConfigurationList section */
	};
	rootObject = AA8DDC952D6CCC4B00AF7E85 /* Project object */;
}
